
Microsoft Visual Studio Solution File, Format Version 12.00
# Visual Studio Version 17
VisualStudioVersion = 17.11.35219.272
MinimumVisualStudioVersion = 10.0.40219.1
Project("{FAE04EC0-301F-11D3-BF4B-00C04F79EFBC}") = "day3", "day3.csproj", "{9CA697D6-775A-4D40-9726-59AD74F517CF}"
EndProject
Global
	GlobalSection(SolutionConfigurationPlatforms) = preSolution
		Debug|Any CPU = Debug|Any CPU
		Release|Any CPU = Release|Any CPU
	EndGlobalSection
	GlobalSection(ProjectConfigurationPlatforms) = postSolution
		{9CA697D6-775A-4D40-9726-59AD74F517CF}.Debug|Any CPU.ActiveCfg = Debug|Any CPU
		{9CA697D6-775A-4D40-9726-59AD74F517CF}.Debug|Any CPU.Build.0 = Debug|Any CPU
		{9CA697D6-775A-4D40-9726-59AD74F517CF}.Release|Any CPU.ActiveCfg = Release|Any CPU
		{9CA697D6-775A-4D40-9726-59AD74F517CF}.Release|Any CPU.Build.0 = Release|Any CPU
	EndGlobalSection
	GlobalSection(SolutionProperties) = preSolution
		HideSolutionNode = FALSE
	EndGlobalSection
	GlobalSection(ExtensibilityGlobals) = postSolution
		SolutionGuid = {455166A1-6988-416F-BA9A-E9C17FD61827}
	EndGlobalSection
EndGlobal
