
Microsoft Visual Studio Solution File, Format Version 12.00
# Visual Studio Version 17
VisualStudioVersion = 17.11.35219.272
MinimumVisualStudioVersion = 10.0.40219.1
Project("{FAE04EC0-301F-11D3-BF4B-00C04F79EFBC}") = "day9", "day9.csproj", "{1AB3990C-BD3B-4740-95F9-3C32E0E143A7}"
EndProject
Global
	GlobalSection(SolutionConfigurationPlatforms) = preSolution
		Debug|Any CPU = Debug|Any CPU
		Release|Any CPU = Release|Any CPU
	EndGlobalSection
	GlobalSection(ProjectConfigurationPlatforms) = postSolution
		{1AB3990C-BD3B-4740-95F9-3C32E0E143A7}.Debug|Any CPU.ActiveCfg = Debug|Any CPU
		{1AB3990C-BD3B-4740-95F9-3C32E0E143A7}.Debug|Any CPU.Build.0 = Debug|Any CPU
		{1AB3990C-BD3B-4740-95F9-3C32E0E143A7}.Release|Any CPU.ActiveCfg = Release|Any CPU
		{1AB3990C-BD3B-4740-95F9-3C32E0E143A7}.Release|Any CPU.Build.0 = Release|Any CPU
	EndGlobalSection
	GlobalSection(SolutionProperties) = preSolution
		HideSolutionNode = FALSE
	EndGlobalSection
	GlobalSection(ExtensibilityGlobals) = postSolution
		SolutionGuid = {37858FC5-45D1-455B-8736-88698C86F085}
	EndGlobalSection
EndGlobal
